Microsoft Visual Studio Solution File, Format Version 12.00
# Visual Studio 15
Project("{8BC9CEB8-8B4A-11D0-8D11-00A0C91BC942}") = "ALL_BUILD", "ALL_BUILD.vcxproj", "{C1AB8BA6-B1B2-3C4E-8126-E7914B326C99}"
	ProjectSection(ProjectDependencies) = postProject
		{450FFEE8-456A-3367-9320-B48F2D61A1D7} = {450FFEE8-456A-3367-9320-B48F2D61A1D7}
		{30D51D57-40F7-30E3-BF68-C150F566A6FE} = {30D51D57-40F7-30E3-BF68-C150F566A6FE}
		{A3C3E804-6F7A-3C8A-9D98-52AC37F4DCF1} = {A3C3E804-6F7A-3C8A-9D98-52AC37F4DCF1}
		{7E597B39-2C9C-33B5-8264-B88D8E17C7FD} = {7E597B39-2C9C-33B5-8264-B88D8E17C7FD}
		{C1EB488C-A4A3-355A-8A02-BE29D97B0BC3} = {C1EB488C-A4A3-355A-8A02-BE29D97B0BC3}
		{3ADD9990-A2F0-3E2C-8EEE-9DF546FB9834} = {3ADD9990-A2F0-3E2C-8EEE-9DF546FB9834}
		{65139A7B-C11C-3E81-9F76-4877256A4539} = {65139A7B-C11C-3E81-9F76-4877256A4539}
		{EB364296-E21E-3875-A4FF-AFF0C9992085} = {EB364296-E21E-3875-A4FF-AFF0C9992085}
		{9839DE6E-4D8D-332B-AE98-2F79AAB5943A} = {9839DE6E-4D8D-332B-AE98-2F79AAB5943A}
		{32F67C94-C53B-3DCA-A5E8-B61BD7BEECBF} = {32F67C94-C53B-3DCA-A5E8-B61BD7BEECBF}
		{5B6F0F18-7860-372F-B5F9-27DC116CC6A5} = {5B6F0F18-7860-372F-B5F9-27DC116CC6A5}
		{BDC7AA80-E82C-3F4D-8501-5BE159B16405} = {BDC7AA80-E82C-3F4D-8501-5BE159B16405}
		{8D221C6D-6056-307A-A892-62B888A3CFB0} = {8D221C6D-6056-307A-A892-62B888A3CFB0}
		{BA89179B-20C9-38F8-8E2D-069F1DF2F877} = {BA89179B-20C9-38F8-8E2D-069F1DF2F877}
		{86E34FB3-CCA6-3E40-9E89-8A08CA7ED20F} = {86E34FB3-CCA6-3E40-9E89-8A08CA7ED20F}
		{9C430BBD-25CF-35EE-B1EE-F56672FEBC44} = {9C430BBD-25CF-35EE-B1EE-F56672FEBC44}
		{3058B985-F708-3D33-970C-16311F17925F} = {3058B985-F708-3D33-970C-16311F17925F}
		{E3F68F6F-5AD2-3CB7-9B6F-E4A0D2F09302} = {E3F68F6F-5AD2-3CB7-9B6F-E4A0D2F09302}
		{715262FB-0996-3E61-A7AF-16C52CE83F35} = {715262FB-0996-3E61-A7AF-16C52CE83F35}
		{EAD67A14-4110-3CA9-9E63-FDE161AFFD84} = {EAD67A14-4110-3CA9-9E63-FDE161AFFD84}
		{90AD70E2-4F40-3F5F-992D-093FE6275BA8} = {90AD70E2-4F40-3F5F-992D-093FE6275BA8}
		{A7F31DF2-9A65-3CCD-A62D-DF53E63AF8ED} = {A7F31DF2-9A65-3CCD-A62D-DF53E63AF8ED}
		{4E90E6BB-E5A5-312B-99C5-0AD9BB8A91B6} = {4E90E6BB-E5A5-312B-99C5-0AD9BB8A91B6}
		{1F8BEC10-1F02-3EC6-A421-7460CEFA614C} = {1F8BEC10-1F02-3EC6-A421-7460CEFA614C}
		{36016603-C929-3CA9-A8DF-9C27F77D7778} = {36016603-C929-3CA9-A8DF-9C27F77D7778}
		{F7FA12AC-B222-35A8-AA61-9F5211BF4111} = {F7FA12AC-B222-35A8-AA61-9F5211BF4111}
		{B68AFC9F-3A2F-346D-A5B4-CEAABABF74E8} = {B68AFC9F-3A2F-346D-A5B4-CEAABABF74E8}
		{D129D898-B1D6-337A-A5A8-3694AC0E4EC3} = {D129D898-B1D6-337A-A5A8-3694AC0E4EC3}
		{AD3C3F69-FE40-34D6-A876-5D1796D061B1} = {AD3C3F69-FE40-34D6-A876-5D1796D061B1}
		{FC000A9F-063B-3B99-ACDC-2E9C2B775E02} = {FC000A9F-063B-3B99-ACDC-2E9C2B775E02}
		{50D8F555-75E3-3485-B2E9-D0BCC929AE7C} = {50D8F555-75E3-3485-B2E9-D0BCC929AE7C}
		{7BEF5604-8BD4-3AE6-9D68-6AAD9E7F9BFD} = {7BEF5604-8BD4-3AE6-9D68-6AAD9E7F9BFD}
		{DA4C52D6-77B0-3F14-A3EE-DCF0D34139D1} = {DA4C52D6-77B0-3F14-A3EE-DCF0D34139D1}
		{979E28E8-05C0-370C-827A-7133CE0B0E11} = {979E28E8-05C0-370C-827A-7133CE0B0E11}
		{F085FEC3-EED3-3050-B19E-B672575BD126} = {F085FEC3-EED3-3050-B19E-B672575BD126}
		{18C4597D-4FF1-379E-A0D0-911742FDC9C3} = {18C4597D-4FF1-379E-A0D0-911742FDC9C3}
		{2A86E479-89E7-3B58-83CF-29B72804B58A} = {2A86E479-89E7-3B58-83CF-29B72804B58A}
		{9BBF8322-3F41-3845-B664-3F0FB5158353} = {9BBF8322-3F41-3845-B664-3F0FB5158353}
	EndProjectSection
EndProject
Project("{8BC9CEB8-8B4A-11D0-8D11-00A0C91BC942}") = "INSTALL", "INSTALL.vcxproj", "{D050A8C2-8D45-36C8-9828-13158785A2D6}"
	ProjectSection(ProjectDependencies) = postProject
		{C1AB8BA6-B1B2-3C4E-8126-E7914B326C99} = {C1AB8BA6-B1B2-3C4E-8126-E7914B326C99}
		{450FFEE8-456A-3367-9320-B48F2D61A1D7} = {450FFEE8-456A-3367-9320-B48F2D61A1D7}
	EndProjectSection
EndProject
Project("{8BC9CEB8-8B4A-11D0-8D11-00A0C91BC942}") = "PACKAGE", "PACKAGE.vcxproj", "{B867A927-CBD6-3573-86AF-51D8FED81736}"
	ProjectSection(ProjectDependencies) = postProject
		{C1AB8BA6-B1B2-3C4E-8126-E7914B326C99} = {C1AB8BA6-B1B2-3C4E-8126-E7914B326C99}
		{450FFEE8-456A-3367-9320-B48F2D61A1D7} = {450FFEE8-456A-3367-9320-B48F2D61A1D7}
	EndProjectSection
EndProject
Project("{8BC9CEB8-8B4A-11D0-8D11-00A0C91BC942}") = "RUN_TESTS", "RUN_TESTS.vcxproj", "{2E5FDC05-132E-32BE-8B45-47D487F001D0}"
	ProjectSection(ProjectDependencies) = postProject
		{450FFEE8-456A-3367-9320-B48F2D61A1D7} = {450FFEE8-456A-3367-9320-B48F2D61A1D7}
	EndProjectSection
EndProject
Project("{8BC9CEB8-8B4A-11D0-8D11-00A0C91BC942}") = "ZERO_CHECK", "ZERO_CHECK.vcxproj", "{450FFEE8-456A-3367-9320-B48F2D61A1D7}"
	ProjectSection(ProjectDependencies) = postProject
	EndProjectSection
EndProject
Project("{8BC9CEB8-8B4A-11D0-8D11-00A0C91BC942}") = "example-direct_tcpip", "example\example-direct_tcpip.vcxproj", "{30D51D57-40F7-30E3-BF68-C150F566A6FE}"
	ProjectSection(ProjectDependencies) = postProject
		{450FFEE8-456A-3367-9320-B48F2D61A1D7} = {450FFEE8-456A-3367-9320-B48F2D61A1D7}
		{1F8BEC10-1F02-3EC6-A421-7460CEFA614C} = {1F8BEC10-1F02-3EC6-A421-7460CEFA614C}
	EndProjectSection
EndProject
Project("{8BC9CEB8-8B4A-11D0-8D11-00A0C91BC942}") = "example-scp", "example\example-scp.vcxproj", "{A3C3E804-6F7A-3C8A-9D98-52AC37F4DCF1}"
	ProjectSection(ProjectDependencies) = postProject
		{450FFEE8-456A-3367-9320-B48F2D61A1D7} = {450FFEE8-456A-3367-9320-B48F2D61A1D7}
		{1F8BEC10-1F02-3EC6-A421-7460CEFA614C} = {1F8BEC10-1F02-3EC6-A421-7460CEFA614C}
	EndProjectSection
EndProject
Project("{8BC9CEB8-8B4A-11D0-8D11-00A0C91BC942}") = "example-scp_nonblock", "example\example-scp_nonblock.vcxproj", "{7E597B39-2C9C-33B5-8264-B88D8E17C7FD}"
	ProjectSection(ProjectDependencies) = postProject
		{450FFEE8-456A-3367-9320-B48F2D61A1D7} = {450FFEE8-456A-3367-9320-B48F2D61A1D7}
		{1F8BEC10-1F02-3EC6-A421-7460CEFA614C} = {1F8BEC10-1F02-3EC6-A421-7460CEFA614C}
	EndProjectSection
EndProject
Project("{8BC9CEB8-8B4A-11D0-8D11-00A0C91BC942}") = "example-scp_write", "example\example-scp_write.vcxproj", "{C1EB488C-A4A3-355A-8A02-BE29D97B0BC3}"
	ProjectSection(ProjectDependencies) = postProject
		{450FFEE8-456A-3367-9320-B48F2D61A1D7} = {450FFEE8-456A-3367-9320-B48F2D61A1D7}
		{1F8BEC10-1F02-3EC6-A421-7460CEFA614C} = {1F8BEC10-1F02-3EC6-A421-7460CEFA614C}
	EndProjectSection
EndProject
Project("{8BC9CEB8-8B4A-11D0-8D11-00A0C91BC942}") = "example-scp_write_nonblock", "example\example-scp_write_nonblock.vcxproj", "{3ADD9990-A2F0-3E2C-8EEE-9DF546FB9834}"
	ProjectSection(ProjectDependencies) = postProject
		{450FFEE8-456A-3367-9320-B48F2D61A1D7} = {450FFEE8-456A-3367-9320-B48F2D61A1D7}
		{1F8BEC10-1F02-3EC6-A421-7460CEFA614C} = {1F8BEC10-1F02-3EC6-A421-7460CEFA614C}
	EndProjectSection
EndProject
Project("{8BC9CEB8-8B4A-11D0-8D11-00A0C91BC942}") = "example-sftp", "example\example-sftp.vcxproj", "{65139A7B-C11C-3E81-9F76-4877256A4539}"
	ProjectSection(ProjectDependencies) = postProject
		{450FFEE8-456A-3367-9320-B48F2D61A1D7} = {450FFEE8-456A-3367-9320-B48F2D61A1D7}
		{1F8BEC10-1F02-3EC6-A421-7460CEFA614C} = {1F8BEC10-1F02-3EC6-A421-7460CEFA614C}
	EndProjectSection
EndProject
Project("{8BC9CEB8-8B4A-11D0-8D11-00A0C91BC942}") = "example-sftp_RW_nonblock", "example\example-sftp_RW_nonblock.vcxproj", "{EB364296-E21E-3875-A4FF-AFF0C9992085}"
	ProjectSection(ProjectDependencies) = postProject
		{450FFEE8-456A-3367-9320-B48F2D61A1D7} = {450FFEE8-456A-3367-9320-B48F2D61A1D7}
		{1F8BEC10-1F02-3EC6-A421-7460CEFA614C} = {1F8BEC10-1F02-3EC6-A421-7460CEFA614C}
	EndProjectSection
EndProject
Project("{8BC9CEB8-8B4A-11D0-8D11-00A0C91BC942}") = "example-sftp_append", "example\example-sftp_append.vcxproj", "{9839DE6E-4D8D-332B-AE98-2F79AAB5943A}"
	ProjectSection(ProjectDependencies) = postProject
		{450FFEE8-456A-3367-9320-B48F2D61A1D7} = {450FFEE8-456A-3367-9320-B48F2D61A1D7}
		{1F8BEC10-1F02-3EC6-A421-7460CEFA614C} = {1F8BEC10-1F02-3EC6-A421-7460CEFA614C}
	EndProjectSection
EndProject
Project("{8BC9CEB8-8B4A-11D0-8D11-00A0C91BC942}") = "example-sftp_mkdir", "example\example-sftp_mkdir.vcxproj", "{32F67C94-C53B-3DCA-A5E8-B61BD7BEECBF}"
	ProjectSection(ProjectDependencies) = postProject
		{450FFEE8-456A-3367-9320-B48F2D61A1D7} = {450FFEE8-456A-3367-9320-B48F2D61A1D7}
		{1F8BEC10-1F02-3EC6-A421-7460CEFA614C} = {1F8BEC10-1F02-3EC6-A421-7460CEFA614C}
	EndProjectSection
EndProject
Project("{8BC9CEB8-8B4A-11D0-8D11-00A0C91BC942}") = "example-sftp_mkdir_nonblock", "example\example-sftp_mkdir_nonblock.vcxproj", "{5B6F0F18-7860-372F-B5F9-27DC116CC6A5}"
	ProjectSection(ProjectDependencies) = postProject
		{450FFEE8-456A-3367-9320-B48F2D61A1D7} = {450FFEE8-456A-3367-9320-B48F2D61A1D7}
		{1F8BEC10-1F02-3EC6-A421-7460CEFA614C} = {1F8BEC10-1F02-3EC6-A421-7460CEFA614C}
	EndProjectSection
EndProject
Project("{8BC9CEB8-8B4A-11D0-8D11-00A0C91BC942}") = "example-sftp_nonblock", "example\example-sftp_nonblock.vcxproj", "{BDC7AA80-E82C-3F4D-8501-5BE159B16405}"
	ProjectSection(ProjectDependencies) = postProject
		{450FFEE8-456A-3367-9320-B48F2D61A1D7} = {450FFEE8-456A-3367-9320-B48F2D61A1D7}
		{1F8BEC10-1F02-3EC6-A421-7460CEFA614C} = {1F8BEC10-1F02-3EC6-A421-7460CEFA614C}
	EndProjectSection
EndProject
Project("{8BC9CEB8-8B4A-11D0-8D11-00A0C91BC942}") = "example-sftp_write", "example\example-sftp_write.vcxproj", "{8D221C6D-6056-307A-A892-62B888A3CFB0}"
	ProjectSection(ProjectDependencies) = postProject
		{450FFEE8-456A-3367-9320-B48F2D61A1D7} = {450FFEE8-456A-3367-9320-B48F2D61A1D7}
		{1F8BEC10-1F02-3EC6-A421-7460CEFA614C} = {1F8BEC10-1F02-3EC6-A421-7460CEFA614C}
	EndProjectSection
EndProject
Project("{8BC9CEB8-8B4A-11D0-8D11-00A0C91BC942}") = "example-sftp_write_nonblock", "example\example-sftp_write_nonblock.vcxproj", "{BA89179B-20C9-38F8-8E2D-069F1DF2F877}"
	ProjectSection(ProjectDependencies) = postProject
		{450FFEE8-456A-3367-9320-B48F2D61A1D7} = {450FFEE8-456A-3367-9320-B48F2D61A1D7}
		{1F8BEC10-1F02-3EC6-A421-7460CEFA614C} = {1F8BEC10-1F02-3EC6-A421-7460CEFA614C}
	EndProjectSection
EndProject
Project("{8BC9CEB8-8B4A-11D0-8D11-00A0C91BC942}") = "example-sftp_write_sliding", "example\example-sftp_write_sliding.vcxproj", "{86E34FB3-CCA6-3E40-9E89-8A08CA7ED20F}"
	ProjectSection(ProjectDependencies) = postProject
		{450FFEE8-456A-3367-9320-B48F2D61A1D7} = {450FFEE8-456A-3367-9320-B48F2D61A1D7}
		{1F8BEC10-1F02-3EC6-A421-7460CEFA614C} = {1F8BEC10-1F02-3EC6-A421-7460CEFA614C}
	EndProjectSection
EndProject
Project("{8BC9CEB8-8B4A-11D0-8D11-00A0C91BC942}") = "example-sftpdir", "example\example-sftpdir.vcxproj", "{9C430BBD-25CF-35EE-B1EE-F56672FEBC44}"
	ProjectSection(ProjectDependencies) = postProject
		{450FFEE8-456A-3367-9320-B48F2D61A1D7} = {450FFEE8-456A-3367-9320-B48F2D61A1D7}
		{1F8BEC10-1F02-3EC6-A421-7460CEFA614C} = {1F8BEC10-1F02-3EC6-A421-7460CEFA614C}
	EndProjectSection
EndProject
Project("{8BC9CEB8-8B4A-11D0-8D11-00A0C91BC942}") = "example-sftpdir_nonblock", "example\example-sftpdir_nonblock.vcxproj", "{3058B985-F708-3D33-970C-16311F17925F}"
	ProjectSection(ProjectDependencies) = postProject
		{450FFEE8-456A-3367-9320-B48F2D61A1D7} = {450FFEE8-456A-3367-9320-B48F2D61A1D7}
		{1F8BEC10-1F02-3EC6-A421-7460CEFA614C} = {1F8BEC10-1F02-3EC6-A421-7460CEFA614C}
	EndProjectSection
EndProject
Project("{8BC9CEB8-8B4A-11D0-8D11-00A0C91BC942}") = "example-ssh2", "example\example-ssh2.vcxproj", "{E3F68F6F-5AD2-3CB7-9B6F-E4A0D2F09302}"
	ProjectSection(ProjectDependencies) = postProject
		{450FFEE8-456A-3367-9320-B48F2D61A1D7} = {450FFEE8-456A-3367-9320-B48F2D61A1D7}
		{1F8BEC10-1F02-3EC6-A421-7460CEFA614C} = {1F8BEC10-1F02-3EC6-A421-7460CEFA614C}
	EndProjectSection
EndProject
Project("{8BC9CEB8-8B4A-11D0-8D11-00A0C91BC942}") = "example-ssh2_agent", "example\example-ssh2_agent.vcxproj", "{715262FB-0996-3E61-A7AF-16C52CE83F35}"
	ProjectSection(ProjectDependencies) = postProject
		{450FFEE8-456A-3367-9320-B48F2D61A1D7} = {450FFEE8-456A-3367-9320-B48F2D61A1D7}
		{1F8BEC10-1F02-3EC6-A421-7460CEFA614C} = {1F8BEC10-1F02-3EC6-A421-7460CEFA614C}
	EndProjectSection
EndProject
Project("{8BC9CEB8-8B4A-11D0-8D11-00A0C91BC942}") = "example-ssh2_echo", "example\example-ssh2_echo.vcxproj", "{EAD67A14-4110-3CA9-9E63-FDE161AFFD84}"
	ProjectSection(ProjectDependencies) = postProject
		{450FFEE8-456A-3367-9320-B48F2D61A1D7} = {450FFEE8-456A-3367-9320-B48F2D61A1D7}
		{1F8BEC10-1F02-3EC6-A421-7460CEFA614C} = {1F8BEC10-1F02-3EC6-A421-7460CEFA614C}
	EndProjectSection
EndProject
Project("{8BC9CEB8-8B4A-11D0-8D11-00A0C91BC942}") = "example-ssh2_exec", "example\example-ssh2_exec.vcxproj", "{90AD70E2-4F40-3F5F-992D-093FE6275BA8}"
	ProjectSection(ProjectDependencies) = postProject
		{450FFEE8-456A-3367-9320-B48F2D61A1D7} = {450FFEE8-456A-3367-9320-B48F2D61A1D7}
		{1F8BEC10-1F02-3EC6-A421-7460CEFA614C} = {1F8BEC10-1F02-3EC6-A421-7460CEFA614C}
	EndProjectSection
EndProject
Project("{8BC9CEB8-8B4A-11D0-8D11-00A0C91BC942}") = "example-subsystem_netconf", "example\example-subsystem_netconf.vcxproj", "{A7F31DF2-9A65-3CCD-A62D-DF53E63AF8ED}"
	ProjectSection(ProjectDependencies) = postProject
		{450FFEE8-456A-3367-9320-B48F2D61A1D7} = {450FFEE8-456A-3367-9320-B48F2D61A1D7}
		{1F8BEC10-1F02-3EC6-A421-7460CEFA614C} = {1F8BEC10-1F02-3EC6-A421-7460CEFA614C}
	EndProjectSection
EndProject
Project("{8BC9CEB8-8B4A-11D0-8D11-00A0C91BC942}") = "example-tcpip-forward", "example\example-tcpip-forward.vcxproj", "{4E90E6BB-E5A5-312B-99C5-0AD9BB8A91B6}"
	ProjectSection(ProjectDependencies) = postProject
		{450FFEE8-456A-3367-9320-B48F2D61A1D7} = {450FFEE8-456A-3367-9320-B48F2D61A1D7}
		{1F8BEC10-1F02-3EC6-A421-7460CEFA614C} = {1F8BEC10-1F02-3EC6-A421-7460CEFA614C}
	EndProjectSection
EndProject
Project("{8BC9CEB8-8B4A-11D0-8D11-00A0C91BC942}") = "libssh2", "src\libssh2.vcxproj", "{1F8BEC10-1F02-3EC6-A421-7460CEFA614C}"
	ProjectSection(ProjectDependencies) = postProject
		{450FFEE8-456A-3367-9320-B48F2D61A1D7} = {450FFEE8-456A-3367-9320-B48F2D61A1D7}
	EndProjectSection
EndProject
Project("{8BC9CEB8-8B4A-11D0-8D11-00A0C91BC942}") = "openssh_fixture", "tests\openssh_fixture.vcxproj", "{36016603-C929-3CA9-A8DF-9C27F77D7778}"
	ProjectSection(ProjectDependencies) = postProject
		{450FFEE8-456A-3367-9320-B48F2D61A1D7} = {450FFEE8-456A-3367-9320-B48F2D61A1D7}
	EndProjectSection
EndProject
Project("{8BC9CEB8-8B4A-11D0-8D11-00A0C91BC942}") = "runner", "tests\runner.vcxproj", "{F7FA12AC-B222-35A8-AA61-9F5211BF4111}"
	ProjectSection(ProjectDependencies) = postProject
		{450FFEE8-456A-3367-9320-B48F2D61A1D7} = {450FFEE8-456A-3367-9320-B48F2D61A1D7}
		{1F8BEC10-1F02-3EC6-A421-7460CEFA614C} = {1F8BEC10-1F02-3EC6-A421-7460CEFA614C}
		{36016603-C929-3CA9-A8DF-9C27F77D7778} = {36016603-C929-3CA9-A8DF-9C27F77D7778}
		{B68AFC9F-3A2F-346D-A5B4-CEAABABF74E8} = {B68AFC9F-3A2F-346D-A5B4-CEAABABF74E8}
	EndProjectSection
EndProject
Project("{8BC9CEB8-8B4A-11D0-8D11-00A0C91BC942}") = "session_fixture", "tests\session_fixture.vcxproj", "{B68AFC9F-3A2F-346D-A5B4-CEAABABF74E8}"
	ProjectSection(ProjectDependencies) = postProject
		{450FFEE8-456A-3367-9320-B48F2D61A1D7} = {450FFEE8-456A-3367-9320-B48F2D61A1D7}
		{1F8BEC10-1F02-3EC6-A421-7460CEFA614C} = {1F8BEC10-1F02-3EC6-A421-7460CEFA614C}
		{36016603-C929-3CA9-A8DF-9C27F77D7778} = {36016603-C929-3CA9-A8DF-9C27F77D7778}
	EndProjectSection
EndProject
Project("{8BC9CEB8-8B4A-11D0-8D11-00A0C91BC942}") = "test_hostkey", "tests\test_hostkey.vcxproj", "{D129D898-B1D6-337A-A5A8-3694AC0E4EC3}"
	ProjectSection(ProjectDependencies) = postProject
		{450FFEE8-456A-3367-9320-B48F2D61A1D7} = {450FFEE8-456A-3367-9320-B48F2D61A1D7}
		{1F8BEC10-1F02-3EC6-A421-7460CEFA614C} = {1F8BEC10-1F02-3EC6-A421-7460CEFA614C}
		{36016603-C929-3CA9-A8DF-9C27F77D7778} = {36016603-C929-3CA9-A8DF-9C27F77D7778}
		{F7FA12AC-B222-35A8-AA61-9F5211BF4111} = {F7FA12AC-B222-35A8-AA61-9F5211BF4111}
		{B68AFC9F-3A2F-346D-A5B4-CEAABABF74E8} = {B68AFC9F-3A2F-346D-A5B4-CEAABABF74E8}
	EndProjectSection
EndProject
Project("{8BC9CEB8-8B4A-11D0-8D11-00A0C91BC942}") = "test_hostkey_hash", "tests\test_hostkey_hash.vcxproj", "{AD3C3F69-FE40-34D6-A876-5D1796D061B1}"
	ProjectSection(ProjectDependencies) = postProject
		{450FFEE8-456A-3367-9320-B48F2D61A1D7} = {450FFEE8-456A-3367-9320-B48F2D61A1D7}
		{1F8BEC10-1F02-3EC6-A421-7460CEFA614C} = {1F8BEC10-1F02-3EC6-A421-7460CEFA614C}
		{36016603-C929-3CA9-A8DF-9C27F77D7778} = {36016603-C929-3CA9-A8DF-9C27F77D7778}
		{F7FA12AC-B222-35A8-AA61-9F5211BF4111} = {F7FA12AC-B222-35A8-AA61-9F5211BF4111}
		{B68AFC9F-3A2F-346D-A5B4-CEAABABF74E8} = {B68AFC9F-3A2F-346D-A5B4-CEAABABF74E8}
	EndProjectSection
EndProject
Project("{8BC9CEB8-8B4A-11D0-8D11-00A0C91BC942}") = "test_keyboard_interactive_auth_fails_with_wrong_response", "tests\test_keyboard_interactive_auth_fails_with_wrong_response.vcxproj", "{FC000A9F-063B-3B99-ACDC-2E9C2B775E02}"
	ProjectSection(ProjectDependencies) = postProject
		{450FFEE8-456A-3367-9320-B48F2D61A1D7} = {450FFEE8-456A-3367-9320-B48F2D61A1D7}
		{1F8BEC10-1F02-3EC6-A421-7460CEFA614C} = {1F8BEC10-1F02-3EC6-A421-7460CEFA614C}
		{36016603-C929-3CA9-A8DF-9C27F77D7778} = {36016603-C929-3CA9-A8DF-9C27F77D7778}
		{F7FA12AC-B222-35A8-AA61-9F5211BF4111} = {F7FA12AC-B222-35A8-AA61-9F5211BF4111}
		{B68AFC9F-3A2F-346D-A5B4-CEAABABF74E8} = {B68AFC9F-3A2F-346D-A5B4-CEAABABF74E8}
	EndProjectSection
EndProject
Project("{8BC9CEB8-8B4A-11D0-8D11-00A0C91BC942}") = "test_keyboard_interactive_auth_succeeds_with_correct_response", "tests\test_keyboard_interactive_auth_succeeds_with_correct_response.vcxproj", "{50D8F555-75E3-3485-B2E9-D0BCC929AE7C}"
	ProjectSection(ProjectDependencies) = postProject
		{450FFEE8-456A-3367-9320-B48F2D61A1D7} = {450FFEE8-456A-3367-9320-B48F2D61A1D7}
		{1F8BEC10-1F02-3EC6-A421-7460CEFA614C} = {1F8BEC10-1F02-3EC6-A421-7460CEFA614C}
		{36016603-C929-3CA9-A8DF-9C27F77D7778} = {36016603-C929-3CA9-A8DF-9C27F77D7778}
		{F7FA12AC-B222-35A8-AA61-9F5211BF4111} = {F7FA12AC-B222-35A8-AA61-9F5211BF4111}
		{B68AFC9F-3A2F-346D-A5B4-CEAABABF74E8} = {B68AFC9F-3A2F-346D-A5B4-CEAABABF74E8}
	EndProjectSection
EndProject
Project("{8BC9CEB8-8B4A-11D0-8D11-00A0C91BC942}") = "test_password_auth_fails_with_wrong_password", "tests\test_password_auth_fails_with_wrong_password.vcxproj", "{7BEF5604-8BD4-3AE6-9D68-6AAD9E7F9BFD}"
	ProjectSection(ProjectDependencies) = postProject
		{450FFEE8-456A-3367-9320-B48F2D61A1D7} = {450FFEE8-456A-3367-9320-B48F2D61A1D7}
		{1F8BEC10-1F02-3EC6-A421-7460CEFA614C} = {1F8BEC10-1F02-3EC6-A421-7460CEFA614C}
		{36016603-C929-3CA9-A8DF-9C27F77D7778} = {36016603-C929-3CA9-A8DF-9C27F77D7778}
		{F7FA12AC-B222-35A8-AA61-9F5211BF4111} = {F7FA12AC-B222-35A8-AA61-9F5211BF4111}
		{B68AFC9F-3A2F-346D-A5B4-CEAABABF74E8} = {B68AFC9F-3A2F-346D-A5B4-CEAABABF74E8}
	EndProjectSection
EndProject
Project("{8BC9CEB8-8B4A-11D0-8D11-00A0C91BC942}") = "test_password_auth_fails_with_wrong_username", "tests\test_password_auth_fails_with_wrong_username.vcxproj", "{DA4C52D6-77B0-3F14-A3EE-DCF0D34139D1}"
	ProjectSection(ProjectDependencies) = postProject
		{450FFEE8-456A-3367-9320-B48F2D61A1D7} = {450FFEE8-456A-3367-9320-B48F2D61A1D7}
		{1F8BEC10-1F02-3EC6-A421-7460CEFA614C} = {1F8BEC10-1F02-3EC6-A421-7460CEFA614C}
		{36016603-C929-3CA9-A8DF-9C27F77D7778} = {36016603-C929-3CA9-A8DF-9C27F77D7778}
		{F7FA12AC-B222-35A8-AA61-9F5211BF4111} = {F7FA12AC-B222-35A8-AA61-9F5211BF4111}
		{B68AFC9F-3A2F-346D-A5B4-CEAABABF74E8} = {B68AFC9F-3A2F-346D-A5B4-CEAABABF74E8}
	EndProjectSection
EndProject
Project("{8BC9CEB8-8B4A-11D0-8D11-00A0C91BC942}") = "test_password_auth_succeeds_with_correct_credentials", "tests\test_password_auth_succeeds_with_correct_credentials.vcxproj", "{979E28E8-05C0-370C-827A-7133CE0B0E11}"
	ProjectSection(ProjectDependencies) = postProject
		{450FFEE8-456A-3367-9320-B48F2D61A1D7} = {450FFEE8-456A-3367-9320-B48F2D61A1D7}
		{1F8BEC10-1F02-3EC6-A421-7460CEFA614C} = {1F8BEC10-1F02-3EC6-A421-7460CEFA614C}
		{36016603-C929-3CA9-A8DF-9C27F77D7778} = {36016603-C929-3CA9-A8DF-9C27F77D7778}
		{F7FA12AC-B222-35A8-AA61-9F5211BF4111} = {F7FA12AC-B222-35A8-AA61-9F5211BF4111}
		{B68AFC9F-3A2F-346D-A5B4-CEAABABF74E8} = {B68AFC9F-3A2F-346D-A5B4-CEAABABF74E8}
	EndProjectSection
EndProject
Project("{8BC9CEB8-8B4A-11D0-8D11-00A0C91BC942}") = "test_public_key_auth_fails_with_wrong_key", "tests\test_public_key_auth_fails_with_wrong_key.vcxproj", "{F085FEC3-EED3-3050-B19E-B672575BD126}"
	ProjectSection(ProjectDependencies) = postProject
		{450FFEE8-456A-3367-9320-B48F2D61A1D7} = {450FFEE8-456A-3367-9320-B48F2D61A1D7}
		{1F8BEC10-1F02-3EC6-A421-7460CEFA614C} = {1F8BEC10-1F02-3EC6-A421-7460CEFA614C}
		{36016603-C929-3CA9-A8DF-9C27F77D7778} = {36016603-C929-3CA9-A8DF-9C27F77D7778}
		{F7FA12AC-B222-35A8-AA61-9F5211BF4111} = {F7FA12AC-B222-35A8-AA61-9F5211BF4111}
		{B68AFC9F-3A2F-346D-A5B4-CEAABABF74E8} = {B68AFC9F-3A2F-346D-A5B4-CEAABABF74E8}
	EndProjectSection
EndProject
Project("{8BC9CEB8-8B4A-11D0-8D11-00A0C91BC942}") = "test_public_key_auth_succeeds_with_correct_dsa_key", "tests\test_public_key_auth_succeeds_with_correct_dsa_key.vcxproj", "{18C4597D-4FF1-379E-A0D0-911742FDC9C3}"
	ProjectSection(ProjectDependencies) = postProject
		{450FFEE8-456A-3367-9320-B48F2D61A1D7} = {450FFEE8-456A-3367-9320-B48F2D61A1D7}
		{1F8BEC10-1F02-3EC6-A421-7460CEFA614C} = {1F8BEC10-1F02-3EC6-A421-7460CEFA614C}
		{36016603-C929-3CA9-A8DF-9C27F77D7778} = {36016603-C929-3CA9-A8DF-9C27F77D7778}
		{F7FA12AC-B222-35A8-AA61-9F5211BF4111} = {F7FA12AC-B222-35A8-AA61-9F5211BF4111}
		{B68AFC9F-3A2F-346D-A5B4-CEAABABF74E8} = {B68AFC9F-3A2F-346D-A5B4-CEAABABF74E8}
	EndProjectSection
EndProject
Project("{8BC9CEB8-8B4A-11D0-8D11-00A0C91BC942}") = "test_public_key_auth_succeeds_with_correct_encrypted_rsa_key", "tests\test_public_key_auth_succeeds_with_correct_encrypted_rsa_key.vcxproj", "{2A86E479-89E7-3B58-83CF-29B72804B58A}"
	ProjectSection(ProjectDependencies) = postProject
		{450FFEE8-456A-3367-9320-B48F2D61A1D7} = {450FFEE8-456A-3367-9320-B48F2D61A1D7}
		{1F8BEC10-1F02-3EC6-A421-7460CEFA614C} = {1F8BEC10-1F02-3EC6-A421-7460CEFA614C}
		{36016603-C929-3CA9-A8DF-9C27F77D7778} = {36016603-C929-3CA9-A8DF-9C27F77D7778}
		{F7FA12AC-B222-35A8-AA61-9F5211BF4111} = {F7FA12AC-B222-35A8-AA61-9F5211BF4111}
		{B68AFC9F-3A2F-346D-A5B4-CEAABABF74E8} = {B68AFC9F-3A2F-346D-A5B4-CEAABABF74E8}
	EndProjectSection
EndProject
Project("{8BC9CEB8-8B4A-11D0-8D11-00A0C91BC942}") = "test_public_key_auth_succeeds_with_correct_rsa_key", "tests\test_public_key_auth_succeeds_with_correct_rsa_key.vcxproj", "{9BBF8322-3F41-3845-B664-3F0FB5158353}"
	ProjectSection(ProjectDependencies) = postProject
		{450FFEE8-456A-3367-9320-B48F2D61A1D7} = {450FFEE8-456A-3367-9320-B48F2D61A1D7}
		{1F8BEC10-1F02-3EC6-A421-7460CEFA614C} = {1F8BEC10-1F02-3EC6-A421-7460CEFA614C}
		{36016603-C929-3CA9-A8DF-9C27F77D7778} = {36016603-C929-3CA9-A8DF-9C27F77D7778}
		{F7FA12AC-B222-35A8-AA61-9F5211BF4111} = {F7FA12AC-B222-35A8-AA61-9F5211BF4111}
		{B68AFC9F-3A2F-346D-A5B4-CEAABABF74E8} = {B68AFC9F-3A2F-346D-A5B4-CEAABABF74E8}
	EndProjectSection
EndProject
Global
	GlobalSection(SolutionConfigurationPlatforms) = preSolution
		Debug|Win32 = Debug|Win32
		Release|Win32 = Release|Win32
		MinSizeRel|Win32 = MinSizeRel|Win32
		RelWithDebInfo|Win32 = RelWithDebInfo|Win32
	EndGlobalSection
	GlobalSection(ProjectConfigurationPlatforms) = postSolution
		{C1AB8BA6-B1B2-3C4E-8126-E7914B326C99}.Debug|Win32.ActiveCfg = Debug|Win32
		{C1AB8BA6-B1B2-3C4E-8126-E7914B326C99}.Debug|Win32.Build.0 = Debug|Win32
		{C1AB8BA6-B1B2-3C4E-8126-E7914B326C99}.Release|Win32.ActiveCfg = Release|Win32
		{C1AB8BA6-B1B2-3C4E-8126-E7914B326C99}.Release|Win32.Build.0 = Release|Win32
		{C1AB8BA6-B1B2-3C4E-8126-E7914B326C99}.MinSizeRel|Win32.ActiveCfg = MinSizeRel|Win32
		{C1AB8BA6-B1B2-3C4E-8126-E7914B326C99}.MinSizeRel|Win32.Build.0 = MinSizeRel|Win32
		{C1AB8BA6-B1B2-3C4E-8126-E7914B326C99}.RelWithDebInfo|Win32.ActiveCfg = RelWithDebInfo|Win32
		{C1AB8BA6-B1B2-3C4E-8126-E7914B326C99}.RelWithDebInfo|Win32.Build.0 = RelWithDebInfo|Win32
		{D050A8C2-8D45-36C8-9828-13158785A2D6}.Debug|Win32.ActiveCfg = Debug|Win32
		{D050A8C2-8D45-36C8-9828-13158785A2D6}.Release|Win32.ActiveCfg = Release|Win32
		{D050A8C2-8D45-36C8-9828-13158785A2D6}.MinSizeRel|Win32.ActiveCfg = MinSizeRel|Win32
		{D050A8C2-8D45-36C8-9828-13158785A2D6}.RelWithDebInfo|Win32.ActiveCfg = RelWithDebInfo|Win32
		{B867A927-CBD6-3573-86AF-51D8FED81736}.Debug|Win32.ActiveCfg = Debug|Win32
		{B867A927-CBD6-3573-86AF-51D8FED81736}.Release|Win32.ActiveCfg = Release|Win32
		{B867A927-CBD6-3573-86AF-51D8FED81736}.MinSizeRel|Win32.ActiveCfg = MinSizeRel|Win32
		{B867A927-CBD6-3573-86AF-51D8FED81736}.RelWithDebInfo|Win32.ActiveCfg = RelWithDebInfo|Win32
		{2E5FDC05-132E-32BE-8B45-47D487F001D0}.Debug|Win32.ActiveCfg = Debug|Win32
		{2E5FDC05-132E-32BE-8B45-47D487F001D0}.Release|Win32.ActiveCfg = Release|Win32
		{2E5FDC05-132E-32BE-8B45-47D487F001D0}.MinSizeRel|Win32.ActiveCfg = MinSizeRel|Win32
		{2E5FDC05-132E-32BE-8B45-47D487F001D0}.RelWithDebInfo|Win32.ActiveCfg = RelWithDebInfo|Win32
		{450FFEE8-456A-3367-9320-B48F2D61A1D7}.Debug|Win32.ActiveCfg = Debug|Win32
		{450FFEE8-456A-3367-9320-B48F2D61A1D7}.Debug|Win32.Build.0 = Debug|Win32
		{450FFEE8-456A-3367-9320-B48F2D61A1D7}.Release|Win32.ActiveCfg = Release|Win32
		{450FFEE8-456A-3367-9320-B48F2D61A1D7}.Release|Win32.Build.0 = Release|Win32
		{450FFEE8-456A-3367-9320-B48F2D61A1D7}.MinSizeRel|Win32.ActiveCfg = MinSizeRel|Win32
		{450FFEE8-456A-3367-9320-B48F2D61A1D7}.MinSizeRel|Win32.Build.0 = MinSizeRel|Win32
		{450FFEE8-456A-3367-9320-B48F2D61A1D7}.RelWithDebInfo|Win32.ActiveCfg = RelWithDebInfo|Win32
		{450FFEE8-456A-3367-9320-B48F2D61A1D7}.RelWithDebInfo|Win32.Build.0 = RelWithDebInfo|Win32
		{30D51D57-40F7-30E3-BF68-C150F566A6FE}.Debug|Win32.ActiveCfg = Debug|Win32
		{30D51D57-40F7-30E3-BF68-C150F566A6FE}.Debug|Win32.Build.0 = Debug|Win32
		{30D51D57-40F7-30E3-BF68-C150F566A6FE}.Release|Win32.ActiveCfg = Release|Win32
		{30D51D57-40F7-30E3-BF68-C150F566A6FE}.Release|Win32.Build.0 = Release|Win32
		{30D51D57-40F7-30E3-BF68-C150F566A6FE}.MinSizeRel|Win32.ActiveCfg = MinSizeRel|Win32
		{30D51D57-40F7-30E3-BF68-C150F566A6FE}.MinSizeRel|Win32.Build.0 = MinSizeRel|Win32
		{30D51D57-40F7-30E3-BF68-C150F566A6FE}.RelWithDebInfo|Win32.ActiveCfg = RelWithDebInfo|Win32
		{30D51D57-40F7-30E3-BF68-C150F566A6FE}.RelWithDebInfo|Win32.Build.0 = RelWithDebInfo|Win32
		{A3C3E804-6F7A-3C8A-9D98-52AC37F4DCF1}.Debug|Win32.ActiveCfg = Debug|Win32
		{A3C3E804-6F7A-3C8A-9D98-52AC37F4DCF1}.Debug|Win32.Build.0 = Debug|Win32
		{A3C3E804-6F7A-3C8A-9D98-52AC37F4DCF1}.Release|Win32.ActiveCfg = Release|Win32
		{A3C3E804-6F7A-3C8A-9D98-52AC37F4DCF1}.Release|Win32.Build.0 = Release|Win32
		{A3C3E804-6F7A-3C8A-9D98-52AC37F4DCF1}.MinSizeRel|Win32.ActiveCfg = MinSizeRel|Win32
		{A3C3E804-6F7A-3C8A-9D98-52AC37F4DCF1}.MinSizeRel|Win32.Build.0 = MinSizeRel|Win32
		{A3C3E804-6F7A-3C8A-9D98-52AC37F4DCF1}.RelWithDebInfo|Win32.ActiveCfg = RelWithDebInfo|Win32
		{A3C3E804-6F7A-3C8A-9D98-52AC37F4DCF1}.RelWithDebInfo|Win32.Build.0 = RelWithDebInfo|Win32
		{7E597B39-2C9C-33B5-8264-B88D8E17C7FD}.Debug|Win32.ActiveCfg = Debug|Win32
		{7E597B39-2C9C-33B5-8264-B88D8E17C7FD}.Debug|Win32.Build.0 = Debug|Win32
		{7E597B39-2C9C-33B5-8264-B88D8E17C7FD}.Release|Win32.ActiveCfg = Release|Win32
		{7E597B39-2C9C-33B5-8264-B88D8E17C7FD}.Release|Win32.Build.0 = Release|Win32
		{7E597B39-2C9C-33B5-8264-B88D8E17C7FD}.MinSizeRel|Win32.ActiveCfg = MinSizeRel|Win32
		{7E597B39-2C9C-33B5-8264-B88D8E17C7FD}.MinSizeRel|Win32.Build.0 = MinSizeRel|Win32
		{7E597B39-2C9C-33B5-8264-B88D8E17C7FD}.RelWithDebInfo|Win32.ActiveCfg = RelWithDebInfo|Win32
		{7E597B39-2C9C-33B5-8264-B88D8E17C7FD}.RelWithDebInfo|Win32.Build.0 = RelWithDebInfo|Win32
		{C1EB488C-A4A3-355A-8A02-BE29D97B0BC3}.Debug|Win32.ActiveCfg = Debug|Win32
		{C1EB488C-A4A3-355A-8A02-BE29D97B0BC3}.Debug|Win32.Build.0 = Debug|Win32
		{C1EB488C-A4A3-355A-8A02-BE29D97B0BC3}.Release|Win32.ActiveCfg = Release|Win32
		{C1EB488C-A4A3-355A-8A02-BE29D97B0BC3}.Release|Win32.Build.0 = Release|Win32
		{C1EB488C-A4A3-355A-8A02-BE29D97B0BC3}.MinSizeRel|Win32.ActiveCfg = MinSizeRel|Win32
		{C1EB488C-A4A3-355A-8A02-BE29D97B0BC3}.MinSizeRel|Win32.Build.0 = MinSizeRel|Win32
		{C1EB488C-A4A3-355A-8A02-BE29D97B0BC3}.RelWithDebInfo|Win32.ActiveCfg = RelWithDebInfo|Win32
		{C1EB488C-A4A3-355A-8A02-BE29D97B0BC3}.RelWithDebInfo|Win32.Build.0 = RelWithDebInfo|Win32
		{3ADD9990-A2F0-3E2C-8EEE-9DF546FB9834}.Debug|Win32.ActiveCfg = Debug|Win32
		{3ADD9990-A2F0-3E2C-8EEE-9DF546FB9834}.Debug|Win32.Build.0 = Debug|Win32
		{3ADD9990-A2F0-3E2C-8EEE-9DF546FB9834}.Release|Win32.ActiveCfg = Release|Win32
		{3ADD9990-A2F0-3E2C-8EEE-9DF546FB9834}.Release|Win32.Build.0 = Release|Win32
		{3ADD9990-A2F0-3E2C-8EEE-9DF546FB9834}.MinSizeRel|Win32.ActiveCfg = MinSizeRel|Win32
		{3ADD9990-A2F0-3E2C-8EEE-9DF546FB9834}.MinSizeRel|Win32.Build.0 = MinSizeRel|Win32
		{3ADD9990-A2F0-3E2C-8EEE-9DF546FB9834}.RelWithDebInfo|Win32.ActiveCfg = RelWithDebInfo|Win32
		{3ADD9990-A2F0-3E2C-8EEE-9DF546FB9834}.RelWithDebInfo|Win32.Build.0 = RelWithDebInfo|Win32
		{65139A7B-C11C-3E81-9F76-4877256A4539}.Debug|Win32.ActiveCfg = Debug|Win32
		{65139A7B-C11C-3E81-9F76-4877256A4539}.Debug|Win32.Build.0 = Debug|Win32
		{65139A7B-C11C-3E81-9F76-4877256A4539}.Release|Win32.ActiveCfg = Release|Win32
		{65139A7B-C11C-3E81-9F76-4877256A4539}.Release|Win32.Build.0 = Release|Win32
		{65139A7B-C11C-3E81-9F76-4877256A4539}.MinSizeRel|Win32.ActiveCfg = MinSizeRel|Win32
		{65139A7B-C11C-3E81-9F76-4877256A4539}.MinSizeRel|Win32.Build.0 = MinSizeRel|Win32
		{65139A7B-C11C-3E81-9F76-4877256A4539}.RelWithDebInfo|Win32.ActiveCfg = RelWithDebInfo|Win32
		{65139A7B-C11C-3E81-9F76-4877256A4539}.RelWithDebInfo|Win32.Build.0 = RelWithDebInfo|Win32
		{EB364296-E21E-3875-A4FF-AFF0C9992085}.Debug|Win32.ActiveCfg = Debug|Win32
		{EB364296-E21E-3875-A4FF-AFF0C9992085}.Debug|Win32.Build.0 = Debug|Win32
		{EB364296-E21E-3875-A4FF-AFF0C9992085}.Release|Win32.ActiveCfg = Release|Win32
		{EB364296-E21E-3875-A4FF-AFF0C9992085}.Release|Win32.Build.0 = Release|Win32
		{EB364296-E21E-3875-A4FF-AFF0C9992085}.MinSizeRel|Win32.ActiveCfg = MinSizeRel|Win32
		{EB364296-E21E-3875-A4FF-AFF0C9992085}.MinSizeRel|Win32.Build.0 = MinSizeRel|Win32
		{EB364296-E21E-3875-A4FF-AFF0C9992085}.RelWithDebInfo|Win32.ActiveCfg = RelWithDebInfo|Win32
		{EB364296-E21E-3875-A4FF-AFF0C9992085}.RelWithDebInfo|Win32.Build.0 = RelWithDebInfo|Win32
		{9839DE6E-4D8D-332B-AE98-2F79AAB5943A}.Debug|Win32.ActiveCfg = Debug|Win32
		{9839DE6E-4D8D-332B-AE98-2F79AAB5943A}.Debug|Win32.Build.0 = Debug|Win32
		{9839DE6E-4D8D-332B-AE98-2F79AAB5943A}.Release|Win32.ActiveCfg = Release|Win32
		{9839DE6E-4D8D-332B-AE98-2F79AAB5943A}.Release|Win32.Build.0 = Release|Win32
		{9839DE6E-4D8D-332B-AE98-2F79AAB5943A}.MinSizeRel|Win32.ActiveCfg = MinSizeRel|Win32
		{9839DE6E-4D8D-332B-AE98-2F79AAB5943A}.MinSizeRel|Win32.Build.0 = MinSizeRel|Win32
		{9839DE6E-4D8D-332B-AE98-2F79AAB5943A}.RelWithDebInfo|Win32.ActiveCfg = RelWithDebInfo|Win32
		{9839DE6E-4D8D-332B-AE98-2F79AAB5943A}.RelWithDebInfo|Win32.Build.0 = RelWithDebInfo|Win32
		{32F67C94-C53B-3DCA-A5E8-B61BD7BEECBF}.Debug|Win32.ActiveCfg = Debug|Win32
		{32F67C94-C53B-3DCA-A5E8-B61BD7BEECBF}.Debug|Win32.Build.0 = Debug|Win32
		{32F67C94-C53B-3DCA-A5E8-B61BD7BEECBF}.Release|Win32.ActiveCfg = Release|Win32
		{32F67C94-C53B-3DCA-A5E8-B61BD7BEECBF}.Release|Win32.Build.0 = Release|Win32
		{32F67C94-C53B-3DCA-A5E8-B61BD7BEECBF}.MinSizeRel|Win32.ActiveCfg = MinSizeRel|Win32
		{32F67C94-C53B-3DCA-A5E8-B61BD7BEECBF}.MinSizeRel|Win32.Build.0 = MinSizeRel|Win32
		{32F67C94-C53B-3DCA-A5E8-B61BD7BEECBF}.RelWithDebInfo|Win32.ActiveCfg = RelWithDebInfo|Win32
		{32F67C94-C53B-3DCA-A5E8-B61BD7BEECBF}.RelWithDebInfo|Win32.Build.0 = RelWithDebInfo|Win32
		{5B6F0F18-7860-372F-B5F9-27DC116CC6A5}.Debug|Win32.ActiveCfg = Debug|Win32
		{5B6F0F18-7860-372F-B5F9-27DC116CC6A5}.Debug|Win32.Build.0 = Debug|Win32
		{5B6F0F18-7860-372F-B5F9-27DC116CC6A5}.Release|Win32.ActiveCfg = Release|Win32
		{5B6F0F18-7860-372F-B5F9-27DC116CC6A5}.Release|Win32.Build.0 = Release|Win32
		{5B6F0F18-7860-372F-B5F9-27DC116CC6A5}.MinSizeRel|Win32.ActiveCfg = MinSizeRel|Win32
		{5B6F0F18-7860-372F-B5F9-27DC116CC6A5}.MinSizeRel|Win32.Build.0 = MinSizeRel|Win32
		{5B6F0F18-7860-372F-B5F9-27DC116CC6A5}.RelWithDebInfo|Win32.ActiveCfg = RelWithDebInfo|Win32
		{5B6F0F18-7860-372F-B5F9-27DC116CC6A5}.RelWithDebInfo|Win32.Build.0 = RelWithDebInfo|Win32
		{BDC7AA80-E82C-3F4D-8501-5BE159B16405}.Debug|Win32.ActiveCfg = Debug|Win32
		{BDC7AA80-E82C-3F4D-8501-5BE159B16405}.Debug|Win32.Build.0 = Debug|Win32
		{BDC7AA80-E82C-3F4D-8501-5BE159B16405}.Release|Win32.ActiveCfg = Release|Win32
		{BDC7AA80-E82C-3F4D-8501-5BE159B16405}.Release|Win32.Build.0 = Release|Win32
		{BDC7AA80-E82C-3F4D-8501-5BE159B16405}.MinSizeRel|Win32.ActiveCfg = MinSizeRel|Win32
		{BDC7AA80-E82C-3F4D-8501-5BE159B16405}.MinSizeRel|Win32.Build.0 = MinSizeRel|Win32
		{BDC7AA80-E82C-3F4D-8501-5BE159B16405}.RelWithDebInfo|Win32.ActiveCfg = RelWithDebInfo|Win32
		{BDC7AA80-E82C-3F4D-8501-5BE159B16405}.RelWithDebInfo|Win32.Build.0 = RelWithDebInfo|Win32
		{8D221C6D-6056-307A-A892-62B888A3CFB0}.Debug|Win32.ActiveCfg = Debug|Win32
		{8D221C6D-6056-307A-A892-62B888A3CFB0}.Debug|Win32.Build.0 = Debug|Win32
		{8D221C6D-6056-307A-A892-62B888A3CFB0}.Release|Win32.ActiveCfg = Release|Win32
		{8D221C6D-6056-307A-A892-62B888A3CFB0}.Release|Win32.Build.0 = Release|Win32
		{8D221C6D-6056-307A-A892-62B888A3CFB0}.MinSizeRel|Win32.ActiveCfg = MinSizeRel|Win32
		{8D221C6D-6056-307A-A892-62B888A3CFB0}.MinSizeRel|Win32.Build.0 = MinSizeRel|Win32
		{8D221C6D-6056-307A-A892-62B888A3CFB0}.RelWithDebInfo|Win32.ActiveCfg = RelWithDebInfo|Win32
		{8D221C6D-6056-307A-A892-62B888A3CFB0}.RelWithDebInfo|Win32.Build.0 = RelWithDebInfo|Win32
		{BA89179B-20C9-38F8-8E2D-069F1DF2F877}.Debug|Win32.ActiveCfg = Debug|Win32
		{BA89179B-20C9-38F8-8E2D-069F1DF2F877}.Debug|Win32.Build.0 = Debug|Win32
		{BA89179B-20C9-38F8-8E2D-069F1DF2F877}.Release|Win32.ActiveCfg = Release|Win32
		{BA89179B-20C9-38F8-8E2D-069F1DF2F877}.Release|Win32.Build.0 = Release|Win32
		{BA89179B-20C9-38F8-8E2D-069F1DF2F877}.MinSizeRel|Win32.ActiveCfg = MinSizeRel|Win32
		{BA89179B-20C9-38F8-8E2D-069F1DF2F877}.MinSizeRel|Win32.Build.0 = MinSizeRel|Win32
		{BA89179B-20C9-38F8-8E2D-069F1DF2F877}.RelWithDebInfo|Win32.ActiveCfg = RelWithDebInfo|Win32
		{BA89179B-20C9-38F8-8E2D-069F1DF2F877}.RelWithDebInfo|Win32.Build.0 = RelWithDebInfo|Win32
		{86E34FB3-CCA6-3E40-9E89-8A08CA7ED20F}.Debug|Win32.ActiveCfg = Debug|Win32
		{86E34FB3-CCA6-3E40-9E89-8A08CA7ED20F}.Debug|Win32.Build.0 = Debug|Win32
		{86E34FB3-CCA6-3E40-9E89-8A08CA7ED20F}.Release|Win32.ActiveCfg = Release|Win32
		{86E34FB3-CCA6-3E40-9E89-8A08CA7ED20F}.Release|Win32.Build.0 = Release|Win32
		{86E34FB3-CCA6-3E40-9E89-8A08CA7ED20F}.MinSizeRel|Win32.ActiveCfg = MinSizeRel|Win32
		{86E34FB3-CCA6-3E40-9E89-8A08CA7ED20F}.MinSizeRel|Win32.Build.0 = MinSizeRel|Win32
		{86E34FB3-CCA6-3E40-9E89-8A08CA7ED20F}.RelWithDebInfo|Win32.ActiveCfg = RelWithDebInfo|Win32
		{86E34FB3-CCA6-3E40-9E89-8A08CA7ED20F}.RelWithDebInfo|Win32.Build.0 = RelWithDebInfo|Win32
		{9C430BBD-25CF-35EE-B1EE-F56672FEBC44}.Debug|Win32.ActiveCfg = Debug|Win32
		{9C430BBD-25CF-35EE-B1EE-F56672FEBC44}.Debug|Win32.Build.0 = Debug|Win32
		{9C430BBD-25CF-35EE-B1EE-F56672FEBC44}.Release|Win32.ActiveCfg = Release|Win32
		{9C430BBD-25CF-35EE-B1EE-F56672FEBC44}.Release|Win32.Build.0 = Release|Win32
		{9C430BBD-25CF-35EE-B1EE-F56672FEBC44}.MinSizeRel|Win32.ActiveCfg = MinSizeRel|Win32
		{9C430BBD-25CF-35EE-B1EE-F56672FEBC44}.MinSizeRel|Win32.Build.0 = MinSizeRel|Win32
		{9C430BBD-25CF-35EE-B1EE-F56672FEBC44}.RelWithDebInfo|Win32.ActiveCfg = RelWithDebInfo|Win32
		{9C430BBD-25CF-35EE-B1EE-F56672FEBC44}.RelWithDebInfo|Win32.Build.0 = RelWithDebInfo|Win32
		{3058B985-F708-3D33-970C-16311F17925F}.Debug|Win32.ActiveCfg = Debug|Win32
		{3058B985-F708-3D33-970C-16311F17925F}.Debug|Win32.Build.0 = Debug|Win32
		{3058B985-F708-3D33-970C-16311F17925F}.Release|Win32.ActiveCfg = Release|Win32
		{3058B985-F708-3D33-970C-16311F17925F}.Release|Win32.Build.0 = Release|Win32
		{3058B985-F708-3D33-970C-16311F17925F}.MinSizeRel|Win32.ActiveCfg = MinSizeRel|Win32
		{3058B985-F708-3D33-970C-16311F17925F}.MinSizeRel|Win32.Build.0 = MinSizeRel|Win32
		{3058B985-F708-3D33-970C-16311F17925F}.RelWithDebInfo|Win32.ActiveCfg = RelWithDebInfo|Win32
		{3058B985-F708-3D33-970C-16311F17925F}.RelWithDebInfo|Win32.Build.0 = RelWithDebInfo|Win32
		{E3F68F6F-5AD2-3CB7-9B6F-E4A0D2F09302}.Debug|Win32.ActiveCfg = Debug|Win32
		{E3F68F6F-5AD2-3CB7-9B6F-E4A0D2F09302}.Debug|Win32.Build.0 = Debug|Win32
		{E3F68F6F-5AD2-3CB7-9B6F-E4A0D2F09302}.Release|Win32.ActiveCfg = Release|Win32
		{E3F68F6F-5AD2-3CB7-9B6F-E4A0D2F09302}.Release|Win32.Build.0 = Release|Win32
		{E3F68F6F-5AD2-3CB7-9B6F-E4A0D2F09302}.MinSizeRel|Win32.ActiveCfg = MinSizeRel|Win32
		{E3F68F6F-5AD2-3CB7-9B6F-E4A0D2F09302}.MinSizeRel|Win32.Build.0 = MinSizeRel|Win32
		{E3F68F6F-5AD2-3CB7-9B6F-E4A0D2F09302}.RelWithDebInfo|Win32.ActiveCfg = RelWithDebInfo|Win32
		{E3F68F6F-5AD2-3CB7-9B6F-E4A0D2F09302}.RelWithDebInfo|Win32.Build.0 = RelWithDebInfo|Win32
		{715262FB-0996-3E61-A7AF-16C52CE83F35}.Debug|Win32.ActiveCfg = Debug|Win32
		{715262FB-0996-3E61-A7AF-16C52CE83F35}.Debug|Win32.Build.0 = Debug|Win32
		{715262FB-0996-3E61-A7AF-16C52CE83F35}.Release|Win32.ActiveCfg = Release|Win32
		{715262FB-0996-3E61-A7AF-16C52CE83F35}.Release|Win32.Build.0 = Release|Win32
		{715262FB-0996-3E61-A7AF-16C52CE83F35}.MinSizeRel|Win32.ActiveCfg = MinSizeRel|Win32
		{715262FB-0996-3E61-A7AF-16C52CE83F35}.MinSizeRel|Win32.Build.0 = MinSizeRel|Win32
		{715262FB-0996-3E61-A7AF-16C52CE83F35}.RelWithDebInfo|Win32.ActiveCfg = RelWithDebInfo|Win32
		{715262FB-0996-3E61-A7AF-16C52CE83F35}.RelWithDebInfo|Win32.Build.0 = RelWithDebInfo|Win32
		{EAD67A14-4110-3CA9-9E63-FDE161AFFD84}.Debug|Win32.ActiveCfg = Debug|Win32
		{EAD67A14-4110-3CA9-9E63-FDE161AFFD84}.Debug|Win32.Build.0 = Debug|Win32
		{EAD67A14-4110-3CA9-9E63-FDE161AFFD84}.Release|Win32.ActiveCfg = Release|Win32
		{EAD67A14-4110-3CA9-9E63-FDE161AFFD84}.Release|Win32.Build.0 = Release|Win32
		{EAD67A14-4110-3CA9-9E63-FDE161AFFD84}.MinSizeRel|Win32.ActiveCfg = MinSizeRel|Win32
		{EAD67A14-4110-3CA9-9E63-FDE161AFFD84}.MinSizeRel|Win32.Build.0 = MinSizeRel|Win32
		{EAD67A14-4110-3CA9-9E63-FDE161AFFD84}.RelWithDebInfo|Win32.ActiveCfg = RelWithDebInfo|Win32
		{EAD67A14-4110-3CA9-9E63-FDE161AFFD84}.RelWithDebInfo|Win32.Build.0 = RelWithDebInfo|Win32
		{90AD70E2-4F40-3F5F-992D-093FE6275BA8}.Debug|Win32.ActiveCfg = Debug|Win32
		{90AD70E2-4F40-3F5F-992D-093FE6275BA8}.Debug|Win32.Build.0 = Debug|Win32
		{90AD70E2-4F40-3F5F-992D-093FE6275BA8}.Release|Win32.ActiveCfg = Release|Win32
		{90AD70E2-4F40-3F5F-992D-093FE6275BA8}.Release|Win32.Build.0 = Release|Win32
		{90AD70E2-4F40-3F5F-992D-093FE6275BA8}.MinSizeRel|Win32.ActiveCfg = MinSizeRel|Win32
		{90AD70E2-4F40-3F5F-992D-093FE6275BA8}.MinSizeRel|Win32.Build.0 = MinSizeRel|Win32
		{90AD70E2-4F40-3F5F-992D-093FE6275BA8}.RelWithDebInfo|Win32.ActiveCfg = RelWithDebInfo|Win32
		{90AD70E2-4F40-3F5F-992D-093FE6275BA8}.RelWithDebInfo|Win32.Build.0 = RelWithDebInfo|Win32
		{A7F31DF2-9A65-3CCD-A62D-DF53E63AF8ED}.Debug|Win32.ActiveCfg = Debug|Win32
		{A7F31DF2-9A65-3CCD-A62D-DF53E63AF8ED}.Debug|Win32.Build.0 = Debug|Win32
		{A7F31DF2-9A65-3CCD-A62D-DF53E63AF8ED}.Release|Win32.ActiveCfg = Release|Win32
		{A7F31DF2-9A65-3CCD-A62D-DF53E63AF8ED}.Release|Win32.Build.0 = Release|Win32
		{A7F31DF2-9A65-3CCD-A62D-DF53E63AF8ED}.MinSizeRel|Win32.ActiveCfg = MinSizeRel|Win32
		{A7F31DF2-9A65-3CCD-A62D-DF53E63AF8ED}.MinSizeRel|Win32.Build.0 = MinSizeRel|Win32
		{A7F31DF2-9A65-3CCD-A62D-DF53E63AF8ED}.RelWithDebInfo|Win32.ActiveCfg = RelWithDebInfo|Win32
		{A7F31DF2-9A65-3CCD-A62D-DF53E63AF8ED}.RelWithDebInfo|Win32.Build.0 = RelWithDebInfo|Win32
		{4E90E6BB-E5A5-312B-99C5-0AD9BB8A91B6}.Debug|Win32.ActiveCfg = Debug|Win32
		{4E90E6BB-E5A5-312B-99C5-0AD9BB8A91B6}.Debug|Win32.Build.0 = Debug|Win32
		{4E90E6BB-E5A5-312B-99C5-0AD9BB8A91B6}.Release|Win32.ActiveCfg = Release|Win32
		{4E90E6BB-E5A5-312B-99C5-0AD9BB8A91B6}.Release|Win32.Build.0 = Release|Win32
		{4E90E6BB-E5A5-312B-99C5-0AD9BB8A91B6}.MinSizeRel|Win32.ActiveCfg = MinSizeRel|Win32
		{4E90E6BB-E5A5-312B-99C5-0AD9BB8A91B6}.MinSizeRel|Win32.Build.0 = MinSizeRel|Win32
		{4E90E6BB-E5A5-312B-99C5-0AD9BB8A91B6}.RelWithDebInfo|Win32.ActiveCfg = RelWithDebInfo|Win32
		{4E90E6BB-E5A5-312B-99C5-0AD9BB8A91B6}.RelWithDebInfo|Win32.Build.0 = RelWithDebInfo|Win32
		{1F8BEC10-1F02-3EC6-A421-7460CEFA614C}.Debug|Win32.ActiveCfg = Debug|Win32
		{1F8BEC10-1F02-3EC6-A421-7460CEFA614C}.Debug|Win32.Build.0 = Debug|Win32
		{1F8BEC10-1F02-3EC6-A421-7460CEFA614C}.Release|Win32.ActiveCfg = Release|Win32
		{1F8BEC10-1F02-3EC6-A421-7460CEFA614C}.Release|Win32.Build.0 = Release|Win32
		{1F8BEC10-1F02-3EC6-A421-7460CEFA614C}.MinSizeRel|Win32.ActiveCfg = MinSizeRel|Win32
		{1F8BEC10-1F02-3EC6-A421-7460CEFA614C}.MinSizeRel|Win32.Build.0 = MinSizeRel|Win32
		{1F8BEC10-1F02-3EC6-A421-7460CEFA614C}.RelWithDebInfo|Win32.ActiveCfg = RelWithDebInfo|Win32
		{1F8BEC10-1F02-3EC6-A421-7460CEFA614C}.RelWithDebInfo|Win32.Build.0 = RelWithDebInfo|Win32
		{36016603-C929-3CA9-A8DF-9C27F77D7778}.Debug|Win32.ActiveCfg = Debug|Win32
		{36016603-C929-3CA9-A8DF-9C27F77D7778}.Debug|Win32.Build.0 = Debug|Win32
		{36016603-C929-3CA9-A8DF-9C27F77D7778}.Release|Win32.ActiveCfg = Release|Win32
		{36016603-C929-3CA9-A8DF-9C27F77D7778}.Release|Win32.Build.0 = Release|Win32
		{36016603-C929-3CA9-A8DF-9C27F77D7778}.MinSizeRel|Win32.ActiveCfg = MinSizeRel|Win32
		{36016603-C929-3CA9-A8DF-9C27F77D7778}.MinSizeRel|Win32.Build.0 = MinSizeRel|Win32
		{36016603-C929-3CA9-A8DF-9C27F77D7778}.RelWithDebInfo|Win32.ActiveCfg = RelWithDebInfo|Win32
		{36016603-C929-3CA9-A8DF-9C27F77D7778}.RelWithDebInfo|Win32.Build.0 = RelWithDebInfo|Win32
		{F7FA12AC-B222-35A8-AA61-9F5211BF4111}.Debug|Win32.ActiveCfg = Debug|Win32
		{F7FA12AC-B222-35A8-AA61-9F5211BF4111}.Debug|Win32.Build.0 = Debug|Win32
		{F7FA12AC-B222-35A8-AA61-9F5211BF4111}.Release|Win32.ActiveCfg = Release|Win32
		{F7FA12AC-B222-35A8-AA61-9F5211BF4111}.Release|Win32.Build.0 = Release|Win32
		{F7FA12AC-B222-35A8-AA61-9F5211BF4111}.MinSizeRel|Win32.ActiveCfg = MinSizeRel|Win32
		{F7FA12AC-B222-35A8-AA61-9F5211BF4111}.MinSizeRel|Win32.Build.0 = MinSizeRel|Win32
		{F7FA12AC-B222-35A8-AA61-9F5211BF4111}.RelWithDebInfo|Win32.ActiveCfg = RelWithDebInfo|Win32
		{F7FA12AC-B222-35A8-AA61-9F5211BF4111}.RelWithDebInfo|Win32.Build.0 = RelWithDebInfo|Win32
		{B68AFC9F-3A2F-346D-A5B4-CEAABABF74E8}.Debug|Win32.ActiveCfg = Debug|Win32
		{B68AFC9F-3A2F-346D-A5B4-CEAABABF74E8}.Debug|Win32.Build.0 = Debug|Win32
		{B68AFC9F-3A2F-346D-A5B4-CEAABABF74E8}.Release|Win32.ActiveCfg = Release|Win32
		{B68AFC9F-3A2F-346D-A5B4-CEAABABF74E8}.Release|Win32.Build.0 = Release|Win32
		{B68AFC9F-3A2F-346D-A5B4-CEAABABF74E8}.MinSizeRel|Win32.ActiveCfg = MinSizeRel|Win32
		{B68AFC9F-3A2F-346D-A5B4-CEAABABF74E8}.MinSizeRel|Win32.Build.0 = MinSizeRel|Win32
		{B68AFC9F-3A2F-346D-A5B4-CEAABABF74E8}.RelWithDebInfo|Win32.ActiveCfg = RelWithDebInfo|Win32
		{B68AFC9F-3A2F-346D-A5B4-CEAABABF74E8}.RelWithDebInfo|Win32.Build.0 = RelWithDebInfo|Win32
		{D129D898-B1D6-337A-A5A8-3694AC0E4EC3}.Debug|Win32.ActiveCfg = Debug|Win32
		{D129D898-B1D6-337A-A5A8-3694AC0E4EC3}.Debug|Win32.Build.0 = Debug|Win32
		{D129D898-B1D6-337A-A5A8-3694AC0E4EC3}.Release|Win32.ActiveCfg = Release|Win32
		{D129D898-B1D6-337A-A5A8-3694AC0E4EC3}.Release|Win32.Build.0 = Release|Win32
		{D129D898-B1D6-337A-A5A8-3694AC0E4EC3}.MinSizeRel|Win32.ActiveCfg = MinSizeRel|Win32
		{D129D898-B1D6-337A-A5A8-3694AC0E4EC3}.MinSizeRel|Win32.Build.0 = MinSizeRel|Win32
		{D129D898-B1D6-337A-A5A8-3694AC0E4EC3}.RelWithDebInfo|Win32.ActiveCfg = RelWithDebInfo|Win32
		{D129D898-B1D6-337A-A5A8-3694AC0E4EC3}.RelWithDebInfo|Win32.Build.0 = RelWithDebInfo|Win32
		{AD3C3F69-FE40-34D6-A876-5D1796D061B1}.Debug|Win32.ActiveCfg = Debug|Win32
		{AD3C3F69-FE40-34D6-A876-5D1796D061B1}.Debug|Win32.Build.0 = Debug|Win32
		{AD3C3F69-FE40-34D6-A876-5D1796D061B1}.Release|Win32.ActiveCfg = Release|Win32
		{AD3C3F69-FE40-34D6-A876-5D1796D061B1}.Release|Win32.Build.0 = Release|Win32
		{AD3C3F69-FE40-34D6-A876-5D1796D061B1}.MinSizeRel|Win32.ActiveCfg = MinSizeRel|Win32
		{AD3C3F69-FE40-34D6-A876-5D1796D061B1}.MinSizeRel|Win32.Build.0 = MinSizeRel|Win32
		{AD3C3F69-FE40-34D6-A876-5D1796D061B1}.RelWithDebInfo|Win32.ActiveCfg = RelWithDebInfo|Win32
		{AD3C3F69-FE40-34D6-A876-5D1796D061B1}.RelWithDebInfo|Win32.Build.0 = RelWithDebInfo|Win32
		{FC000A9F-063B-3B99-ACDC-2E9C2B775E02}.Debug|Win32.ActiveCfg = Debug|Win32
		{FC000A9F-063B-3B99-ACDC-2E9C2B775E02}.Debug|Win32.Build.0 = Debug|Win32
		{FC000A9F-063B-3B99-ACDC-2E9C2B775E02}.Release|Win32.ActiveCfg = Release|Win32
		{FC000A9F-063B-3B99-ACDC-2E9C2B775E02}.Release|Win32.Build.0 = Release|Win32
		{FC000A9F-063B-3B99-ACDC-2E9C2B775E02}.MinSizeRel|Win32.ActiveCfg = MinSizeRel|Win32
		{FC000A9F-063B-3B99-ACDC-2E9C2B775E02}.MinSizeRel|Win32.Build.0 = MinSizeRel|Win32
		{FC000A9F-063B-3B99-ACDC-2E9C2B775E02}.RelWithDebInfo|Win32.ActiveCfg = RelWithDebInfo|Win32
		{FC000A9F-063B-3B99-ACDC-2E9C2B775E02}.RelWithDebInfo|Win32.Build.0 = RelWithDebInfo|Win32
		{50D8F555-75E3-3485-B2E9-D0BCC929AE7C}.Debug|Win32.ActiveCfg = Debug|Win32
		{50D8F555-75E3-3485-B2E9-D0BCC929AE7C}.Debug|Win32.Build.0 = Debug|Win32
		{50D8F555-75E3-3485-B2E9-D0BCC929AE7C}.Release|Win32.ActiveCfg = Release|Win32
		{50D8F555-75E3-3485-B2E9-D0BCC929AE7C}.Release|Win32.Build.0 = Release|Win32
		{50D8F555-75E3-3485-B2E9-D0BCC929AE7C}.MinSizeRel|Win32.ActiveCfg = MinSizeRel|Win32
		{50D8F555-75E3-3485-B2E9-D0BCC929AE7C}.MinSizeRel|Win32.Build.0 = MinSizeRel|Win32
		{50D8F555-75E3-3485-B2E9-D0BCC929AE7C}.RelWithDebInfo|Win32.ActiveCfg = RelWithDebInfo|Win32
		{50D8F555-75E3-3485-B2E9-D0BCC929AE7C}.RelWithDebInfo|Win32.Build.0 = RelWithDebInfo|Win32
		{7BEF5604-8BD4-3AE6-9D68-6AAD9E7F9BFD}.Debug|Win32.ActiveCfg = Debug|Win32
		{7BEF5604-8BD4-3AE6-9D68-6AAD9E7F9BFD}.Debug|Win32.Build.0 = Debug|Win32
		{7BEF5604-8BD4-3AE6-9D68-6AAD9E7F9BFD}.Release|Win32.ActiveCfg = Release|Win32
		{7BEF5604-8BD4-3AE6-9D68-6AAD9E7F9BFD}.Release|Win32.Build.0 = Release|Win32
		{7BEF5604-8BD4-3AE6-9D68-6AAD9E7F9BFD}.MinSizeRel|Win32.ActiveCfg = MinSizeRel|Win32
		{7BEF5604-8BD4-3AE6-9D68-6AAD9E7F9BFD}.MinSizeRel|Win32.Build.0 = MinSizeRel|Win32
		{7BEF5604-8BD4-3AE6-9D68-6AAD9E7F9BFD}.RelWithDebInfo|Win32.ActiveCfg = RelWithDebInfo|Win32
		{7BEF5604-8BD4-3AE6-9D68-6AAD9E7F9BFD}.RelWithDebInfo|Win32.Build.0 = RelWithDebInfo|Win32
		{DA4C52D6-77B0-3F14-A3EE-DCF0D34139D1}.Debug|Win32.ActiveCfg = Debug|Win32
		{DA4C52D6-77B0-3F14-A3EE-DCF0D34139D1}.Debug|Win32.Build.0 = Debug|Win32
		{DA4C52D6-77B0-3F14-A3EE-DCF0D34139D1}.Release|Win32.ActiveCfg = Release|Win32
		{DA4C52D6-77B0-3F14-A3EE-DCF0D34139D1}.Release|Win32.Build.0 = Release|Win32
		{DA4C52D6-77B0-3F14-A3EE-DCF0D34139D1}.MinSizeRel|Win32.ActiveCfg = MinSizeRel|Win32
		{DA4C52D6-77B0-3F14-A3EE-DCF0D34139D1}.MinSizeRel|Win32.Build.0 = MinSizeRel|Win32
		{DA4C52D6-77B0-3F14-A3EE-DCF0D34139D1}.RelWithDebInfo|Win32.ActiveCfg = RelWithDebInfo|Win32
		{DA4C52D6-77B0-3F14-A3EE-DCF0D34139D1}.RelWithDebInfo|Win32.Build.0 = RelWithDebInfo|Win32
		{979E28E8-05C0-370C-827A-7133CE0B0E11}.Debug|Win32.ActiveCfg = Debug|Win32
		{979E28E8-05C0-370C-827A-7133CE0B0E11}.Debug|Win32.Build.0 = Debug|Win32
		{979E28E8-05C0-370C-827A-7133CE0B0E11}.Release|Win32.ActiveCfg = Release|Win32
		{979E28E8-05C0-370C-827A-7133CE0B0E11}.Release|Win32.Build.0 = Release|Win32
		{979E28E8-05C0-370C-827A-7133CE0B0E11}.MinSizeRel|Win32.ActiveCfg = MinSizeRel|Win32
		{979E28E8-05C0-370C-827A-7133CE0B0E11}.MinSizeRel|Win32.Build.0 = MinSizeRel|Win32
		{979E28E8-05C0-370C-827A-7133CE0B0E11}.RelWithDebInfo|Win32.ActiveCfg = RelWithDebInfo|Win32
		{979E28E8-05C0-370C-827A-7133CE0B0E11}.RelWithDebInfo|Win32.Build.0 = RelWithDebInfo|Win32
		{F085FEC3-EED3-3050-B19E-B672575BD126}.Debug|Win32.ActiveCfg = Debug|Win32
		{F085FEC3-EED3-3050-B19E-B672575BD126}.Debug|Win32.Build.0 = Debug|Win32
		{F085FEC3-EED3-3050-B19E-B672575BD126}.Release|Win32.ActiveCfg = Release|Win32
		{F085FEC3-EED3-3050-B19E-B672575BD126}.Release|Win32.Build.0 = Release|Win32
		{F085FEC3-EED3-3050-B19E-B672575BD126}.MinSizeRel|Win32.ActiveCfg = MinSizeRel|Win32
		{F085FEC3-EED3-3050-B19E-B672575BD126}.MinSizeRel|Win32.Build.0 = MinSizeRel|Win32
		{F085FEC3-EED3-3050-B19E-B672575BD126}.RelWithDebInfo|Win32.ActiveCfg = RelWithDebInfo|Win32
		{F085FEC3-EED3-3050-B19E-B672575BD126}.RelWithDebInfo|Win32.Build.0 = RelWithDebInfo|Win32
		{18C4597D-4FF1-379E-A0D0-911742FDC9C3}.Debug|Win32.ActiveCfg = Debug|Win32
		{18C4597D-4FF1-379E-A0D0-911742FDC9C3}.Debug|Win32.Build.0 = Debug|Win32
		{18C4597D-4FF1-379E-A0D0-911742FDC9C3}.Release|Win32.ActiveCfg = Release|Win32
		{18C4597D-4FF1-379E-A0D0-911742FDC9C3}.Release|Win32.Build.0 = Release|Win32
		{18C4597D-4FF1-379E-A0D0-911742FDC9C3}.MinSizeRel|Win32.ActiveCfg = MinSizeRel|Win32
		{18C4597D-4FF1-379E-A0D0-911742FDC9C3}.MinSizeRel|Win32.Build.0 = MinSizeRel|Win32
		{18C4597D-4FF1-379E-A0D0-911742FDC9C3}.RelWithDebInfo|Win32.ActiveCfg = RelWithDebInfo|Win32
		{18C4597D-4FF1-379E-A0D0-911742FDC9C3}.RelWithDebInfo|Win32.Build.0 = RelWithDebInfo|Win32
		{2A86E479-89E7-3B58-83CF-29B72804B58A}.Debug|Win32.ActiveCfg = Debug|Win32
		{2A86E479-89E7-3B58-83CF-29B72804B58A}.Debug|Win32.Build.0 = Debug|Win32
		{2A86E479-89E7-3B58-83CF-29B72804B58A}.Release|Win32.ActiveCfg = Release|Win32
		{2A86E479-89E7-3B58-83CF-29B72804B58A}.Release|Win32.Build.0 = Release|Win32
		{2A86E479-89E7-3B58-83CF-29B72804B58A}.MinSizeRel|Win32.ActiveCfg = MinSizeRel|Win32
		{2A86E479-89E7-3B58-83CF-29B72804B58A}.MinSizeRel|Win32.Build.0 = MinSizeRel|Win32
		{2A86E479-89E7-3B58-83CF-29B72804B58A}.RelWithDebInfo|Win32.ActiveCfg = RelWithDebInfo|Win32
		{2A86E479-89E7-3B58-83CF-29B72804B58A}.RelWithDebInfo|Win32.Build.0 = RelWithDebInfo|Win32
		{9BBF8322-3F41-3845-B664-3F0FB5158353}.Debug|Win32.ActiveCfg = Debug|Win32
		{9BBF8322-3F41-3845-B664-3F0FB5158353}.Debug|Win32.Build.0 = Debug|Win32
		{9BBF8322-3F41-3845-B664-3F0FB5158353}.Release|Win32.ActiveCfg = Release|Win32
		{9BBF8322-3F41-3845-B664-3F0FB5158353}.Release|Win32.Build.0 = Release|Win32
		{9BBF8322-3F41-3845-B664-3F0FB5158353}.MinSizeRel|Win32.ActiveCfg = MinSizeRel|Win32
		{9BBF8322-3F41-3845-B664-3F0FB5158353}.MinSizeRel|Win32.Build.0 = MinSizeRel|Win32
		{9BBF8322-3F41-3845-B664-3F0FB5158353}.RelWithDebInfo|Win32.ActiveCfg = RelWithDebInfo|Win32
		{9BBF8322-3F41-3845-B664-3F0FB5158353}.RelWithDebInfo|Win32.Build.0 = RelWithDebInfo|Win32
	EndGlobalSection
	GlobalSection(ExtensibilityGlobals) = postSolution
		SolutionGuid = {E46EC335-90A5-3507-A7DA-D745F812F082}
	EndGlobalSection
	GlobalSection(ExtensibilityAddIns) = postSolution
	EndGlobalSection
EndGlobal
