<?xml version="1.0" encoding="utf-8"?>
<Project ToolsVersion="15.0" xmlns="http://schemas.microsoft.com/developer/msbuild/2003">
  <ItemGroup>
    <ClCompile Include="A:\Development\Repos\Raid-BLT\lib\libssh2\tests\session_fixture.c">
      <Filter>Source Files</Filter>
    </ClCompile>
  </ItemGroup>
  <ItemGroup>
    <ClInclude Include="A:\Development\Repos\Raid-BLT\lib\libssh2\tests\session_fixture.h">
      <Filter>Header Files</Filter>
    </ClInclude>
  </ItemGroup>
  <ItemGroup>
    <CustomBuild Include="A:\Development\Repos\Raid-BLT\lib\libssh2\tests\CMakeLists.txt" />
  </ItemGroup>
  <ItemGroup>
    <Filter Include="Header Files">
      <UniqueIdentifier>{7CFA75B0-2061-3D0E-AF20-80BABE096827}</UniqueIdentifier>
    </Filter>
    <Filter Include="Source Files">
      <UniqueIdentifier>{137E58BC-AC36-3A10-AB95-AC3D3E3264A9}</UniqueIdentifier>
    </Filter>
  </ItemGroup>
</Project>
